# @generated - this file is auto-generated by `mise lock` https://mise.jdx.dev/dev-tools/mise-lock.html

lockfile_version = 2

[[tools.aube]]
version = "2.6.1"
backend = "packslip:github.com/aubepkg/aube"
specifiers = ["latest"]

[tools.aube."platforms.linux-arm64"]
checksum = "sha256:ff945fd7a68d25d87b47e45877228ad269d5a053c04522599b31c130d734f40d"
url = "https://github.com/aubepkg/aube/releases/download/v2.6.1/aube-v2.6.1-aarch64-unknown-linux-gnu.tar.gz"
signer = "sigstore-oidc:https://github.com/aubepkg/aube/.github/workflows/release.yml"

[tools.aube."platforms.linux-arm64-musl"]
checksum = "sha256:521b5cb38cf6c07c1a43a6bce2d3c34c603a26b47a05ff8b5f6112cdadf18996"
url = "https://github.com/aubepkg/aube/releases/download/v2.6.1/aube-v2.6.1-aarch64-unknown-linux-musl.tar.gz"
signer = "sigstore-oidc:https://github.com/aubepkg/aube/.github/workflows/release.yml"

[tools.aube."platforms.linux-x64"]
checksum = "sha256:364b4cf201970cd5c943390dd3e736b4256b14a0ac52d304f8fb4acfd6a1fbd3"
url = "https://github.com/aubepkg/aube/releases/download/v2.6.1/aube-v2.6.1-x86_64-unknown-linux-gnu.tar.gz"
signer = "sigstore-oidc:https://github.com/aubepkg/aube/.github/workflows/release.yml"

[tools.aube."platforms.linux-x64-musl"]
checksum = "sha256:d69ab74a5e21f4dcaf5a41899a623114d6df77c11a170089ade86348bbc2b234"
url = "https://github.com/aubepkg/aube/releases/download/v2.6.1/aube-v2.6.1-x86_64-unknown-linux-musl.tar.gz"
signer = "sigstore-oidc:https://github.com/aubepkg/aube/.github/workflows/release.yml"

[tools.aube."platforms.macos-arm64"]
checksum = "sha256:a36856db187dd8f2c3cbf651de1384a2d0748d7cc5507671e6ec02751f00c032"
url = "https://github.com/aubepkg/aube/releases/download/v2.6.1/aube-v2.6.1-aarch64-apple-darwin.tar.gz"
signer = "sigstore-oidc:https://github.com/aubepkg/aube/.github/workflows/release.yml"

[tools.aube."platforms.windows-x64"]
checksum = "sha256:f6399466cc0e0c2f52248b56477182d4857a8a02d518936b055a3a67f0f25f87"
url = "https://github.com/aubepkg/aube/releases/download/v2.6.1/aube-v2.6.1-x86_64-pc-windows-msvc.zip"
signer = "sigstore-oidc:https://github.com/aubepkg/aube/.github/workflows/release.yml"

[[tools.bun]]
version = "1.4.2"
backend = "core:bun"
specifiers = ["latest"]

[tools.bun."platforms.linux-arm64"]
checksum = "sha256:54328bbc2d9c8e0c9f892c544d66c57a83b84139e34909e5ee81758f1ac8fda7"
url = "https://github.com/oven-sh/bun/releases/download/bun-v1.4.2/bun-linux-aarch64.zip"

[tools.bun."platforms.linux-arm64-musl"]
checksum = "sha256:71760b6c8ea30623b81a4907cb815d48e2ea266f2e73e751534a44a0607950df"
url = "https://github.com/oven-sh/bun/releases/download/bun-v1.4.2/bun-linux-aarch64-musl.zip"

[tools.bun."platforms.linux-x64"]
checksum = "sha256:36368faef7527875d5ffa52e53cd48021741f2a83eb6208a8dd64068d422a913"
url = "https://github.com/oven-sh/bun/releases/download/bun-v1.4.2/bun-linux-x64.zip"

[tools.bun."platforms.linux-x64-baseline"]
checksum = "sha256:c678040f14fe0440eb839d37cbd0ce4c051a32da72806ac97de6a6aab6bf728f"
url = "https://github.com/oven-sh/bun/releases/download/bun-v1.4.2/bun-linux-x64-baseline.zip"

[tools.bun."platforms.linux-x64-musl"]
checksum = "sha256:4835eca59d6da70f4674f5642f6e459dcadab773695b2ed9922d131057989742"
url = "https://github.com/oven-sh/bun/releases/download/bun-v1.4.2/bun-linux-x64-musl.zip"

[tools.bun."platforms.linux-x64-musl-baseline"]
checksum = "sha256:76e1db84e98f22f78de0a87e309bfbbf297732847f9720db36750646c85c8c18"
url = "https://github.com/oven-sh/bun/releases/download/bun-v1.4.2/bun-linux-x64-musl-baseline.zip"

[tools.bun."platforms.macos-arm64"]
checksum = "sha256:90987a3a16d7db556d886ac3d551e7b6d3edf0a1cf43acaed622e8676be1d12f"
url = "https://github.com/oven-sh/bun/releases/download/bun-v1.4.2/bun-darwin-aarch64.zip"

[tools.bun."platforms.macos-x64"]
checksum = "sha256:80520d7e17526308c9185d261679ac6d27798d3803a0e9f7ff9121ab8affb012"
url = "https://github.com/oven-sh/bun/releases/download/bun-v1.4.2/bun-darwin-x64.zip"

[tools.bun."platforms.macos-x64-baseline"]
checksum = "sha256:bad5bbd6cf14d0980d115f5954c9ff904df619d5e994d2da1ffccd3f316300b0"
url = "https://github.com/oven-sh/bun/releases/download/bun-v1.4.2/bun-darwin-x64-baseline.zip"

[tools.bun."platforms.windows-x64"]
checksum = "sha256:ce4c17497b2f29712a99d3d53f028de28cd42e3bacb8589599e7f000e49b6405"
url = "https://github.com/oven-sh/bun/releases/download/bun-v1.4.2/bun-windows-x64.zip"

[tools.bun."platforms.windows-x64-baseline"]
checksum = "sha256:78c221c2376f79731ccf4e4af0b3bb46d81fefa3296c5abee09ad8a1b21e68c6"
url = "https://github.com/oven-sh/bun/releases/download/bun-v1.4.2/bun-windows-x64-baseline.zip"

[[tools."github:elide-dev/elide"]]
version = "1.6.0-rc.1"
backend = "github:elide-dev/elide"
specifiers = ["1.6.0-rc.1"]

[tools."github:elide-dev/elide"."platforms.linux-arm64"]
checksum = "sha256:431c03371f6986fb50955791e2e34cf816fc288d1e4fe7cacc532924c2d231c3"
url = "https://github.com/elide-dev/elide/releases/download/v1.6.0-rc.1/elide.linux-arm64.txz"
url_api = "https://api.github.com/repos/elide-dev/elide/releases/assets/610482332"

[tools."github:elide-dev/elide"."platforms.linux-arm64-musl"]
checksum = "sha256:431c03371f6986fb50955791e2e34cf816fc288d1e4fe7cacc532924c2d231c3"
url = "https://github.com/elide-dev/elide/releases/download/v1.6.0-rc.1/elide.linux-arm64.txz"
url_api = "https://api.github.com/repos/elide-dev/elide/releases/assets/610482332"

[tools."github:elide-dev/elide"."platforms.linux-x64"]
checksum = "sha256:a9197f2729bab1b4b20dc7cb8ae7af987d4ea13935fe1f1cd360691a63c5cf8f"
url = "https://github.com/elide-dev/elide/releases/download/v1.6.0-rc.1/elide.linux-amd64.txz"
url_api = "https://api.github.com/repos/elide-dev/elide/releases/assets/610481721"

[tools."github:elide-dev/elide"."platforms.linux-x64-musl"]
checksum = "sha256:a9197f2729bab1b4b20dc7cb8ae7af987d4ea13935fe1f1cd360691a63c5cf8f"
url = "https://github.com/elide-dev/elide/releases/download/v1.6.0-rc.1/elide.linux-amd64.txz"
url_api = "https://api.github.com/repos/elide-dev/elide/releases/assets/610481721"

[tools."github:elide-dev/elide"."platforms.macos-arm64"]
checksum = "sha256:44eb22a1464cc77c342bc1d371ae36c65a6b6fd102f5c8af645d339c58b9f62f"
url = "https://github.com/elide-dev/elide/releases/download/v1.6.0-rc.1/elide.macos-arm64.txz"
url_api = "https://api.github.com/repos/elide-dev/elide/releases/assets/610482571"

[tools."github:elide-dev/elide"."platforms.windows-x64"]
checksum = "sha256:e27f647346799e73b2e8fe3ce90949d1c0fe9d6a3896ccbc2fb68b345f9b007a"
url = "https://github.com/elide-dev/elide/releases/download/v1.6.0-rc.1/elide.windows-amd64.zip"
url_api = "https://api.github.com/repos/elide-dev/elide/releases/assets/610483694"

[[tools.hk]]
version = "2.5.0"
backend = "packslip:github.com/jdx/hk"
specifiers = ["latest"]

[tools.hk."platforms.linux-arm64"]
checksum = "sha256:c800091c414e1c8e8628137275d88c257bcfe0c35dd31d2762923a71dae7df7f"
url = "https://github.com/jdx/hk/releases/download/v2.5.0/hk-aarch64-unknown-linux-gnu.tar.gz"
signer = "sigstore-oidc:https://github.com/jdx/hk/.github/workflows/release.yml"

[tools.hk."platforms.linux-arm64-musl"]
checksum = "sha256:1e839b96defad21b5118d9554f2146811a2ce8d8eef90b3da1d592834969b717"
url = "https://github.com/jdx/hk/releases/download/v2.5.0/hk-aarch64-unknown-linux-musl.tar.gz"
signer = "sigstore-oidc:https://github.com/jdx/hk/.github/workflows/release.yml"

[tools.hk."platforms.linux-x64"]
checksum = "sha256:449b83c35ac3a460f80a4c9a41ad99430add8cf6caa6ceadc27e810feac3647d"
url = "https://github.com/jdx/hk/releases/download/v2.5.0/hk-x86_64-unknown-linux-gnu.tar.gz"
signer = "sigstore-oidc:https://github.com/jdx/hk/.github/workflows/release.yml"

[tools.hk."platforms.linux-x64-baseline"]
checksum = "sha256:449b83c35ac3a460f80a4c9a41ad99430add8cf6caa6ceadc27e810feac3647d"
url = "https://github.com/jdx/hk/releases/download/v2.5.0/hk-x86_64-unknown-linux-gnu.tar.gz"
signer = "sigstore-oidc:https://github.com/jdx/hk/.github/workflows/release.yml"

[tools.hk."platforms.linux-x64-musl"]
checksum = "sha256:55b349ed8ebbb9cc11e3ff7f741230035061e45621c0b2c87fffeeb37fadcfd0"
url = "https://github.com/jdx/hk/releases/download/v2.5.0/hk-x86_64-unknown-linux-musl.tar.gz"
signer = "sigstore-oidc:https://github.com/jdx/hk/.github/workflows/release.yml"

[tools.hk."platforms.linux-x64-musl-baseline"]
checksum = "sha256:55b349ed8ebbb9cc11e3ff7f741230035061e45621c0b2c87fffeeb37fadcfd0"
url = "https://github.com/jdx/hk/releases/download/v2.5.0/hk-x86_64-unknown-linux-musl.tar.gz"
signer = "sigstore-oidc:https://github.com/jdx/hk/.github/workflows/release.yml"

[tools.hk."platforms.macos-arm64"]
checksum = "sha256:fabbed3a44e72c601759fa81d56f3c9403ca466853bdf77e87cc69d986cb151a"
url = "https://github.com/jdx/hk/releases/download/v2.5.0/hk-aarch64-apple-darwin.tar.gz"
signer = "sigstore-oidc:https://github.com/jdx/hk/.github/workflows/release.yml"

[tools.hk."platforms.windows-x64"]
checksum = "sha256:9d3063f0eadb316415dc2aaea51608f436eb6ffe44e00c2e460294c66f269a54"
url = "https://github.com/jdx/hk/releases/download/v2.5.0/hk-x86_64-pc-windows-msvc.zip"
signer = "sigstore-oidc:https://github.com/jdx/hk/.github/workflows/release.yml"

[tools.hk."platforms.windows-x64-baseline"]
checksum = "sha256:9d3063f0eadb316415dc2aaea51608f436eb6ffe44e00c2e460294c66f269a54"
url = "https://github.com/jdx/hk/releases/download/v2.5.0/hk-x86_64-pc-windows-msvc.zip"
signer = "sigstore-oidc:https://github.com/jdx/hk/.github/workflows/release.yml"

[[tools.java]]
version = "openjdk-25.0.2"
backend = "core:java"
specifiers = ["openjdk-25"]

[tools.java."platforms.linux-arm64"]
checksum = "sha256:671208d205e70c9805da45a483f670d49dd64654990a7b7223ccffb2abb070dd"
url = "https://download.java.net/java/GA/jdk25.0.2/b1e0dfa218384cb9959bdcb897162d4e/10/GPL/openjdk-25.0.2_linux-aarch64_bin.tar.gz"

[tools.java."platforms.linux-x64"]
checksum = "sha256:555ce0821e4fe175ea50d54518cd6fbece9663c1998de529bc6ce429534457df"
url = "https://download.java.net/java/GA/jdk25.0.2/b1e0dfa218384cb9959bdcb897162d4e/10/GPL/openjdk-25.0.2_linux-x64_bin.tar.gz"

[tools.java."platforms.macos-arm64"]
checksum = "sha256:7581b0d1752cd5acbf39e286c03f07b6cd6c205b562eb2fe753ff0253cf4c1bf"
url = "https://download.java.net/java/GA/jdk25.0.2/b1e0dfa218384cb9959bdcb897162d4e/10/GPL/openjdk-25.0.2_macos-aarch64_bin.tar.gz"

[tools.java."platforms.macos-x64"]
checksum = "sha256:4ec2f4bc47b057fdf9cda07af27fae8f3605e90fa963d4240d63baeb46ede460"
url = "https://download.java.net/java/GA/jdk25.0.2/b1e0dfa218384cb9959bdcb897162d4e/10/GPL/openjdk-25.0.2_macos-x64_bin.tar.gz"

[tools.java."platforms.windows-x64"]
checksum = "sha256:74784a0c07258f32d36e9224dd79187c566d831c30d47dc06888d4212087331d"
url = "https://download.java.net/java/GA/jdk25.0.2/b1e0dfa218384cb9959bdcb897162d4e/10/GPL/openjdk-25.0.2_windows-x64_bin.zip"
